
Microsoft Visual Studio Solution File, Format Version 11.00
# Visual Studio 2010
Project("{FAE04EC0-301F-11D3-BF4B-00C04F79EFBC}") = "Assembly-CSharp", "Assembly-CSharp.csproj", "{F5AAD789-AFC9-F5E9-570B-302A35CD3C40}"
EndProject
Project("{FAE04EC0-301F-11D3-BF4B-00C04F79EFBC}") = "Assembly-CSharp-firstpass", "Assembly-CSharp-firstpass.csproj", "{73C7846A-7605-C19D-C383-8BD12E3E28BA}"
EndProject
Project("{FAE04EC0-301F-11D3-BF4B-00C04F79EFBC}") = "Assembly-CSharp-Editor-firstpass", "Assembly-CSharp-Editor-firstpass.csproj", "{ABD85B4A-F12E-584C-F958-D548271CA74E}"
EndProject
Global
	GlobalSection(SolutionConfigurationPlatforms) = preSolution
		Debug|Any CPU = Debug|Any CPU
		Release|Any CPU = Release|Any CPU
	EndGlobalSection
	GlobalSection(ProjectConfigurationPlatforms) = postSolution
		{F5AAD789-AFC9-F5E9-570B-302A35CD3C40}.Debug|Any CPU.ActiveCfg = Debug|Any CPU
		{F5AAD789-AFC9-F5E9-570B-302A35CD3C40}.Debug|Any CPU.Build.0 = Debug|Any CPU
		{F5AAD789-AFC9-F5E9-570B-302A35CD3C40}.Release|Any CPU.ActiveCfg = Release|Any CPU
		{F5AAD789-AFC9-F5E9-570B-302A35CD3C40}.Release|Any CPU.Build.0 = Release|Any CPU
		{73C7846A-7605-C19D-C383-8BD12E3E28BA}.Debug|Any CPU.ActiveCfg = Debug|Any CPU
		{73C7846A-7605-C19D-C383-8BD12E3E28BA}.Debug|Any CPU.Build.0 = Debug|Any CPU
		{73C7846A-7605-C19D-C383-8BD12E3E28BA}.Release|Any CPU.ActiveCfg = Release|Any CPU
		{73C7846A-7605-C19D-C383-8BD12E3E28BA}.Release|Any CPU.Build.0 = Release|Any CPU
		{ABD85B4A-F12E-584C-F958-D548271CA74E}.Debug|Any CPU.ActiveCfg = Debug|Any CPU
		{ABD85B4A-F12E-584C-F958-D548271CA74E}.Debug|Any CPU.Build.0 = Debug|Any CPU
		{ABD85B4A-F12E-584C-F958-D548271CA74E}.Release|Any CPU.ActiveCfg = Release|Any CPU
		{ABD85B4A-F12E-584C-F958-D548271CA74E}.Release|Any CPU.Build.0 = Release|Any CPU
	EndGlobalSection
	GlobalSection(SolutionProperties) = preSolution
		HideSolutionNode = FALSE
	EndGlobalSection
EndGlobal
